{
    "_readme": [
        "This file locks the dependencies of your project to a known state",
        "Read more about it at https://getcomposer.org/doc/01-basic-usage.md#composer-lock-the-lock-file",
        "This file is @generated automatically"
    ],
    "content-hash": "cfd63c771b28e088f74b077375d0a321",
    "packages": [
        {
            "name": "tbc/imk",
            "version": "dev-master",
            "source": {
                "type": "git",
                "url": "https://github.com/VineshTradebuilder/tbc-imk-web.git",
                "reference": "6b2c0601a99eb9a044099c8bea2ce59c25606ed2"
            },
            "dist": {
                "type": "zip",
                "url": "https://api.github.com/repos/VineshTradebuilder/tbc-imk-web/zipball/6b2c0601a99eb9a044099c8bea2ce59c25606ed2",
                "reference": "6b2c0601a99eb9a044099c8bea2ce59c25606ed2",
                "shasum": ""
            },
            "require": {
                "php": ">=5.6"
            },
            "type": "library",
            "autoload": {
                "psr-4": {
                    "TBC\\IMK\\WEB\\": "src/"
                }
            },
            "notification-url": "https://packagist.org/downloads/",
            "license": [
                "MIT"
            ],
            "authors": [
                {
                    "name": "vinesh",
                    "email": "vinesh@tradebuilderinc.com"
                }
            ],
            "time": "2019-01-02T10:29:06+00:00"
        }
    ],
    "packages-dev": [],
    "aliases": [],
    "minimum-stability": "stable",
    "stability-flags": {
        "tbc/imk": 20
    },
    "prefer-stable": false,
    "prefer-lowest": false,
    "platform": [],
    "platform-dev": []
}
